<?xml version="1.0" encoding="utf-8"?>
<Project xmlns="http://schemas.microsoft.com/developer/msbuild/2003">
  <ItemGroup>
    <Filter Include="Form Files">
      <UniqueIdentifier>{99349809-55BA-4b9d-BF79-8FDBB0286EB3}</UniqueIdentifier>
      <Extensions>ui</Extensions>
      <ParseFiles>false</ParseFiles>
    </Filter>
    <Filter Include="Form Files">
      <UniqueIdentifier>{99349809-55BA-4b9d-BF79-8FDBB0286EB3}</UniqueIdentifier>
      <Extensions>ui</Extensions>
      <ParseFiles>false</ParseFiles>
    </Filter>
    <Filter Include="Generated Files">
      <UniqueIdentifier>{71ED8ED8-ACB9-4CE9-BBE1-E00B30144E11}</UniqueIdentifier>
      <Extensions>cpp;c;cxx;moc;h;def;odl;idl;res;</Extensions>
    </Filter>
    <Filter Include="Generated Files">
      <UniqueIdentifier>{71ED8ED8-ACB9-4CE9-BBE1-E00B30144E11}</UniqueIdentifier>
      <Extensions>cpp;c;cxx;moc;h;def;odl;idl;res;</Extensions>
    </Filter>
    <Filter Include="Header Files">
      <UniqueIdentifier>{93995380-89BD-4b04-88EB-625FBE52EBFB}</UniqueIdentifier>
      <Extensions>h;hpp;hxx;hm;inl;inc;xsd</Extensions>
    </Filter>
    <Filter Include="Header Files">
      <UniqueIdentifier>{93995380-89BD-4b04-88EB-625FBE52EBFB}</UniqueIdentifier>
      <Extensions>h;hpp;hxx;hm;inl;inc;xsd</Extensions>
    </Filter>
    <Filter Include="Resource Files">
      <UniqueIdentifier>{D9D6E242-F8AF-46E4-B9FD-80ECBC20BA3E}</UniqueIdentifier>
      <Extensions>qrc;*</Extensions>
      <ParseFiles>false</ParseFiles>
    </Filter>
    <Filter Include="Resource Files">
      <UniqueIdentifier>{D9D6E242-F8AF-46E4-B9FD-80ECBC20BA3E}</UniqueIdentifier>
      <Extensions>qrc;*</Extensions>
      <ParseFiles>false</ParseFiles>
    </Filter>
    <Filter Include="Source Files">
      <UniqueIdentifier>{4FC737F1-C7A5-4376-A066-2A32D752A2FF}</UniqueIdentifier>
      <Extensions>cpp;c;cxx;def;odl;idl;hpj;bat;asm;asmx</Extensions>
    </Filter>
    <Filter Include="Source Files">
      <UniqueIdentifier>{4FC737F1-C7A5-4376-A066-2A32D752A2FF}</UniqueIdentifier>
      <Extensions>cpp;c;cxx;def;odl;idl;hpj;bat;asm;asmx</Extensions>
    </Filter>
  </ItemGroup>
  <ItemGroup>
    <ClCompile Include="template\code\abstractcodetemplate.cpp">
      <Filter>Source Files</Filter>
    </ClCompile>
    <ClCompile Include="clientoperate.cpp">
      <Filter>Source Files</Filter>
    </ClCompile>
    <ClCompile Include="template\cppgenerate.cpp">
      <Filter>Source Files</Filter>
    </ClCompile>
    <ClCompile Include="template\cppstruct.cpp">
      <Filter>Source Files</Filter>
    </ClCompile>
    <ClCompile Include="css\cssparsemethod.cpp">
      <Filter>Source Files</Filter>
    </ClCompile>
    <ClCompile Include="css\cssparser.cpp">
      <Filter>Source Files</Filter>
    </ClCompile>
    <ClCompile Include="css\cssstruct.cpp">
      <Filter>Source Files</Filter>
    </ClCompile>
    <ClCompile Include="qui\exportui.cpp">
      <Filter>Source Files</Filter>
    </ClCompile>
    <ClCompile Include="util\fileutils.cpp">
      <Filter>Source Files</Filter>
    </ClCompile>
    <ClCompile Include="qui\formatproperty.cpp">
      <Filter>Source Files</Filter>
    </ClCompile>
    <ClCompile Include="template\generateprojectfile.cpp">
      <Filter>Source Files</Filter>
    </ClCompile>
    <ClCompile Include="global.cpp">
      <Filter>Source Files</Filter>
    </ClCompile>
    <ClCompile Include="html\gumbonodewrapper.cpp">
      <Filter>Source Files</Filter>
    </ClCompile>
    <ClCompile Include="html\gumboparsemethod.cpp">
      <Filter>Source Files</Filter>
    </ClCompile>
    <ClCompile Include="head.cpp">
      <Filter>Source Files</Filter>
    </ClCompile>
    <ClCompile Include="html\htmlparser.cpp">
      <Filter>Source Files</Filter>
    </ClCompile>
    <ClCompile Include="html\htmlstruct.cpp">
      <Filter>Source Files</Filter>
    </ClCompile>
    <ClCompile Include="logoutputer.cpp">
      <Filter>Source Files</Filter>
    </ClCompile>
    <ClCompile Include="main.cpp">
      <Filter>Source Files</Filter>
    </ClCompile>
    <ClCompile Include="qui\props\mattribute.cpp">
      <Filter>Source Files</Filter>
    </ClCompile>
    <ClCompile Include="qui\props\mcolumn.cpp">
      <Filter>Source Files</Filter>
    </ClCompile>
    <ClCompile Include="qui\props\mconnection.cpp">
      <Filter>Source Files</Filter>
    </ClCompile>
    <ClCompile Include="qui\props\mconnections.cpp">
      <Filter>Source Files</Filter>
    </ClCompile>
    <ClCompile Include="qui\props\mdomresource.cpp">
      <Filter>Source Files</Filter>
    </ClCompile>
    <ClCompile Include="qui\props\mdomwidget.cpp">
      <Filter>Source Files</Filter>
    </ClCompile>
    <ClCompile Include="qui\props\mitem.cpp">
      <Filter>Source Files</Filter>
    </ClCompile>
    <ClCompile Include="template\code\modelswitchtemplate.cpp">
      <Filter>Source Files</Filter>
    </ClCompile>
    <ClCompile Include="qui\props\mproperty.cpp">
      <Filter>Source Files</Filter>
    </ClCompile>
    <ClCompile Include="qui\props\mrect.cpp">
      <Filter>Source Files</Filter>
    </ClCompile>
    <ClCompile Include="qui\props\mrow.cpp">
      <Filter>Source Files</Filter>
    </ClCompile>
    <ClCompile Include="template\code\mutexbuttontemplate.cpp">
      <Filter>Source Files</Filter>
    </ClCompile>
    <ClCompile Include="template\code\pageswitchtemplate.cpp">
      <Filter>Source Files</Filter>
    </ClCompile>
    <ClCompile Include="template\code\playcontroltemplate.cpp">
      <Filter>Source Files</Filter>
    </ClCompile>
    <ClCompile Include="qui\qrc\qrcoutput.cpp">
      <Filter>Source Files</Filter>
    </ClCompile>
    <ClCompile Include="qui\qrc\qrcparsemethod.cpp">
      <Filter>Source Files</Filter>
    </ClCompile>
    <ClCompile Include="qui\qss\qssoutput.cpp">
      <Filter>Source Files</Filter>
    </ClCompile>
    <ClCompile Include="qui\qss\qssparsemethod.cpp">
      <Filter>Source Files</Filter>
    </ClCompile>
    <ClCompile Include="qui\qtoutput.cpp">
      <Filter>Source Files</Filter>
    </ClCompile>
    <ClCompile Include="qui\qtstruct.cpp">
      <Filter>Source Files</Filter>
    </ClCompile>
    <ClCompile Include="util\rsingleton.cpp">
      <Filter>Source Files</Filter>
    </ClCompile>
    <ClCompile Include="util\rutil.cpp">
      <Filter>Source Files</Filter>
    </ClCompile>
    <ClCompile Include="switchtask.cpp">
      <Filter>Source Files</Filter>
    </ClCompile>
    <ClCompile Include="template\code\tablewidgetstyletemplate.cpp">
      <Filter>Source Files</Filter>
    </ClCompile>
    <ClCompile Include="util\threadpool.cpp">
      <Filter>Source Files</Filter>
    </ClCompile>
    <ClCompile Include="template\code\twswitchtemplate.cpp">
      <Filter>Source Files</Filter>
    </ClCompile>
    <ClCompile Include="viewdelegate.cpp">
      <Filter>Source Files</Filter>
    </ClCompile>
    <ClCompile Include="viewmodel.cpp">
      <Filter>Source Files</Filter>
    </ClCompile>
  </ItemGroup>
  <ItemGroup>
    <ClInclude Include="template\code\abstractcodetemplate.h">
      <Filter>Header Files</Filter>
    </ClInclude>
    <QtMoc Include="clientoperate.h">
      <Filter>Header Files</Filter>
    </QtMoc>
    <ClInclude Include="template\cppgenerate.h">
      <Filter>Header Files</Filter>
    </ClInclude>
    <ClInclude Include="template\cppstruct.h">
      <Filter>Header Files</Filter>
    </ClInclude>
    <ClInclude Include="css\cssparsemethod.h">
      <Filter>Header Files</Filter>
    </ClInclude>
    <QtMoc Include="css\cssparser.h">
      <Filter>Header Files</Filter>
    </QtMoc>
    <ClInclude Include="css\cssstruct.h">
      <Filter>Header Files</Filter>
    </ClInclude>
    <ClInclude Include="qui\exportui.h">
      <Filter>Header Files</Filter>
    </ClInclude>
    <QtMoc Include="util\fileutils.h">
      <Filter>Header Files</Filter>
    </QtMoc>
    <ClInclude Include="qui\formatproperty.h">
      <Filter>Header Files</Filter>
    </ClInclude>
    <ClInclude Include="template\generateprojectfile.h">
      <Filter>Header Files</Filter>
    </ClInclude>
    <ClInclude Include="global.h">
      <Filter>Header Files</Filter>
    </ClInclude>
    <ClInclude Include="html\gumbonodewrapper.h">
      <Filter>Header Files</Filter>
    </ClInclude>
    <ClInclude Include="html\gumboparsemethod.h">
      <Filter>Header Files</Filter>
    </ClInclude>
    <ClInclude Include="head.h">
      <Filter>Header Files</Filter>
    </ClInclude>
    <QtMoc Include="html\htmlparser.h">
      <Filter>Header Files</Filter>
    </QtMoc>
    <ClInclude Include="html\htmlstruct.h">
      <Filter>Header Files</Filter>
    </ClInclude>
    <QtMoc Include="logoutputer.h">
      <Filter>Header Files</Filter>
    </QtMoc>
    <ClInclude Include="qui\props\mattribute.h">
      <Filter>Header Files</Filter>
    </ClInclude>
    <ClInclude Include="qui\props\mcolumn.h">
      <Filter>Header Files</Filter>
    </ClInclude>
    <ClInclude Include="qui\props\mconnection.h">
      <Filter>Header Files</Filter>
    </ClInclude>
    <ClInclude Include="qui\props\mconnections.h">
      <Filter>Header Files</Filter>
    </ClInclude>
    <ClInclude Include="qui\props\mdomresource.h">
      <Filter>Header Files</Filter>
    </ClInclude>
    <ClInclude Include="qui\props\mdomwidget.h">
      <Filter>Header Files</Filter>
    </ClInclude>
    <ClInclude Include="qui\props\mitem.h">
      <Filter>Header Files</Filter>
    </ClInclude>
    <ClInclude Include="template\code\modelswitchtemplate.h">
      <Filter>Header Files</Filter>
    </ClInclude>
    <ClInclude Include="qui\props\mproperty.h">
      <Filter>Header Files</Filter>
    </ClInclude>
    <ClInclude Include="qui\props\mrect.h">
      <Filter>Header Files</Filter>
    </ClInclude>
    <ClInclude Include="qui\props\mrow.h">
      <Filter>Header Files</Filter>
    </ClInclude>
    <ClInclude Include="template\code\mutexbuttontemplate.h">
      <Filter>Header Files</Filter>
    </ClInclude>
    <ClInclude Include="template\code\pageswitchtemplate.h">
      <Filter>Header Files</Filter>
    </ClInclude>
    <ClInclude Include="template\code\playcontroltemplate.h">
      <Filter>Header Files</Filter>
    </ClInclude>
    <ClInclude Include="qui\qrc\qrcoutput.h">
      <Filter>Header Files</Filter>
    </ClInclude>
    <ClInclude Include="qui\qrc\qrcparsemethod.h">
      <Filter>Header Files</Filter>
    </ClInclude>
    <ClInclude Include="qui\qss\qssoutput.h">
      <Filter>Header Files</Filter>
    </ClInclude>
    <ClInclude Include="qui\qss\qssparsemethod.h">
      <Filter>Header Files</Filter>
    </ClInclude>
    <ClInclude Include="qui\qtoutput.h">
      <Filter>Header Files</Filter>
    </ClInclude>
    <ClInclude Include="qui\qtstruct.h">
      <Filter>Header Files</Filter>
    </ClInclude>
    <ClInclude Include="util\rsingleton.h">
      <Filter>Header Files</Filter>
    </ClInclude>
    <ClInclude Include="util\rutil.h">
      <Filter>Header Files</Filter>
    </ClInclude>
    <QtMoc Include="switchtask.h">
      <Filter>Header Files</Filter>
    </QtMoc>
    <ClInclude Include="template\code\tablewidgetstyletemplate.h">
      <Filter>Header Files</Filter>
    </ClInclude>
    <ClInclude Include="util\threadpool.h">
      <Filter>Header Files</Filter>
    </ClInclude>
    <ClInclude Include="template\code\twswitchtemplate.h">
      <Filter>Header Files</Filter>
    </ClInclude>
    <QtMoc Include="viewdelegate.h">
      <Filter>Header Files</Filter>
    </QtMoc>
    <QtMoc Include="viewmodel.h">
      <Filter>Header Files</Filter>
    </QtMoc>
    <ClInclude Include="util\windumpfile.h">
      <Filter>Header Files</Filter>
    </ClInclude>
  </ItemGroup>
  <ItemGroup>
    <CustomBuild Include="debug\moc_predefs.h.cbt">
      <Filter>Generated Files</Filter>
    </CustomBuild>
    <CustomBuild Include="release\moc_predefs.h.cbt">
      <Filter>Generated Files</Filter>
    </CustomBuild>
  </ItemGroup>
  <ItemGroup>
    <QtUic Include="clientoperate.ui">
      <Filter>Form Files</Filter>
    </QtUic>
    <QtUic Include="logoutputer.ui">
      <Filter>Form Files</Filter>
    </QtUic>
  </ItemGroup>
  <ItemGroup>
    <None Include="image\active.png">
      <Filter>Resource Files</Filter>
    </None>
    <None Include="image\batch_delete.png">
      <Filter>Resource Files</Filter>
    </None>
    <None Include="image\clear.png">
      <Filter>Resource Files</Filter>
    </None>
    <None Include="image\html.png">
      <Filter>Resource Files</Filter>
    </None>
    <QtRcc Include="images.qrc">
      <Filter>Resource Files</Filter>
    </QtRcc>
    <None Include="image\new_delete.png">
      <Filter>Resource Files</Filter>
    </None>
    <None Include="image\new_open.png">
      <Filter>Resource Files</Filter>
    </None>
    <None Include="image\new_switch.png">
      <Filter>Resource Files</Filter>
    </None>
    <None Include="image\normal.png">
      <Filter>Resource Files</Filter>
    </None>
    <None Include="image\project.png">
      <Filter>Resource Files</Filter>
    </None>
    <None Include="image\qt.png">
      <Filter>Resource Files</Filter>
    </None>
    <None Include="stylesheet.txt">
      <Filter>Resource Files</Filter>
    </None>
    <None Include="image\watermark.png">
      <Filter>Resource Files</Filter>
    </None>
  </ItemGroup>
  <ItemGroup>
    <ResourceCompile Include=".\AxtureFormat_resource.rc" />
  </ItemGroup>
</Project>